{
  "name": "module_3",
  "version": "1.0.0",
  "lockfileVersion": 1,
  "requires": true,
  "dependencies": {
    "input-core": {
      "version": "1.0.0",
      "resolved": "https://registry.npmjs.org/input-core/-/input-core-1.0.0.tgz",
      "integrity": "sha1-6MAvkvusQDMFj8qht3m+86j7rnA="
    },
    "mask-input": {
      "version": "1.0.1",
      "resolved": "https://registry.npmjs.org/mask-input/-/mask-input-1.0.1.tgz",
      "integrity": "sha512-3AxGiX/65/C4PXjJyg5uyx+2mdU4jev9otxTmESrxTEDAznrkgBPQGdeK80nhvs0AOrMImJg1QSWhXhgUhW6QQ==",
      "requires": {
        "input-core": "1.0.0",
        "subscribe-event": "1.1.1"
      }
    },
    "subscribe-event": {
      "version": "1.1.1",
      "resolved": "https://registry.npmjs.org/subscribe-event/-/subscribe-event-1.1.1.tgz",
      "integrity": "sha512-ffuMVOFvhc+HSfW/Q9xSQJikswqnT7sd39EjAXi7gneZWg7XYwq/ee9rcn66ZxZEXOLXew0rJXA1GU1gH5/nzw=="
    }
  }
}
